
Microsoft Visual Studio Solution File, Format Version 12.00
# Visual Studio Version 16
VisualStudioVersion = 16.0.30104.148
MinimumVisualStudioVersion = 10.0.40219.1
Project("{FAE04EC0-301F-11D3-BF4B-00C04F79EFBC}") = "Tp5Sim", "Tp5Sim\Tp5Sim.csproj", "{A9E9B216-22CB-44AB-A52B-90A7024F423F}"
EndProject
Global
	GlobalSection(SolutionConfigurationPlatforms) = preSolution
		Debug|Any CPU = Debug|Any CPU
		Release|Any CPU = Release|Any CPU
	EndGlobalSection
	GlobalSection(ProjectConfigurationPlatforms) = postSolution
		{A9E9B216-22CB-44AB-A52B-90A7024F423F}.Debug|Any CPU.ActiveCfg = Debug|Any CPU
		{A9E9B216-22CB-44AB-A52B-90A7024F423F}.Debug|Any CPU.Build.0 = Debug|Any CPU
		{A9E9B216-22CB-44AB-A52B-90A7024F423F}.Release|Any CPU.ActiveCfg = Release|Any CPU
		{A9E9B216-22CB-44AB-A52B-90A7024F423F}.Release|Any CPU.Build.0 = Release|Any CPU
	EndGlobalSection
	GlobalSection(SolutionProperties) = preSolution
		HideSolutionNode = FALSE
	EndGlobalSection
	GlobalSection(ExtensibilityGlobals) = postSolution
		SolutionGuid = {4D8F8377-3592-45FD-B401-D322B37051FA}
	EndGlobalSection
EndGlobal
